PODS:
  - FLAnimatedImage (1.0.10)
  - NYTPhotoViewer/AnimatedGifSupport (1.1.0):
    - FLAnimatedImage (~> 1.0.8)
    - NYTPhotoViewer/Core
  - NYTPhotoViewer/Core (1.1.0)
  - OCMock (3.2)

DEPENDENCIES:
  - NYTPhotoViewer/AnimatedGifSupport (from `../`)
  - OCMock (~> 3.2)

EXTERNAL SOURCES:
  NYTPhotoViewer:
    :path: "../"

SPEC CHECKSUMS:
  FLAnimatedImage: e16a1e1cef08e4c509b47e4acbe3923f65c16135
  NYTPhotoViewer: cf33213a96340560e6fc9e98afbb493f48741bb6
  OCMock: 28def049ef47f996b515a8eeea958be7ccab2dbb

COCOAPODS: 0.39.0
